{
  "name": "PO_Entrepreneurship_VR",
  "lockfileVersion": 3,
  "requires": true,
  "packages": {
    "": {
      "dependencies": {
        "cannon": "^0.6.2",
        "cannon-utils": "^0.1.4"
      }
    },
    "node_modules/cannon": {
      "version": "0.6.2",
      "resolved": "https://registry.npmjs.org/cannon/-/cannon-0.6.2.tgz",
      "integrity": "sha512-n/7wWSXr8KOSvjad2x0fJHgpMepKjOKi+NdSnjfYyijoDBZnp4JQKgPcpv28jlXoWM+N9zVYU09J0A6Qxx+Y7w==",
      "engines": {
        "node": "*"
      }
    },
    "node_modules/cannon-es": {
      "version": "0.20.0",
      "resolved": "https://registry.npmjs.org/cannon-es/-/cannon-es-0.20.0.tgz",
      "integrity": "sha512-eZhWTZIkFOnMAJOgfXJa9+b3kVlvG+FX4mdkpePev/w/rP5V8NRquGyEozcjPfEoXUlb+p7d9SUcmDSn14prOA==",
      "peer": true
    },
    "node_modules/cannon-utils": {
      "version": "0.1.4",
      "resolved": "https://registry.npmjs.org/cannon-utils/-/cannon-utils-0.1.4.tgz",
      "integrity": "sha512-JEsTOd7ObXC1kE2VHeyoGQr/hSE2Hy9b/VkQaSGgCA9MxbSPoyl9FvC0TRhk/zewJDjOHW9tCdaBOC28Km76Ew==",
      "peerDependencies": {
        "cannon-es": "0.x.x",
        "three": "0.x.x",
        "typescript": ">=3.8"
      },
      "peerDependenciesMeta": {
        "typescript": {
          "optional": true
        }
      }
    },
    "node_modules/three": {
      "version": "0.149.0",
      "license": "MIT",
      "peer": true
    }
  }
}
